
Microsoft Visual Studio Solution File, Format Version 12.00
# Visual Studio Version 16
VisualStudioVersion = 16.0.29009.5
MinimumVisualStudioVersion = 10.0.40219.1
Project("{FAE04EC0-301F-11D3-BF4B-00C04F79EFBC}") = "GitHubTest617", "GitHubTest617\GitHubTest617.csproj", "{1C209EAB-CF10-4E6E-9145-917713E654BA}"
EndProject
Project("{FAE04EC0-301F-11D3-BF4B-00C04F79EFBC}") = "ConsoleApp1", "ConsoleApp1\ConsoleApp1.csproj", "{BD1B41EA-8E47-4DF8-941B-E7F79AE3107A}"
EndProject
Project("{FAE04EC0-301F-11D3-BF4B-00C04F79EFBC}") = "SnakeAttempt", "SnakeAttempt\SnakeAttempt.csproj", "{4342B117-3D7B-4776-917D-FEFB2C9220E4}"
EndProject
Global
	GlobalSection(SolutionConfigurationPlatforms) = preSolution
		Debug|Any CPU = Debug|Any CPU
		Release|Any CPU = Release|Any CPU
	EndGlobalSection
	GlobalSection(ProjectConfigurationPlatforms) = postSolution
		{1C209EAB-CF10-4E6E-9145-917713E654BA}.Debug|Any CPU.ActiveCfg = Debug|Any CPU
		{1C209EAB-CF10-4E6E-9145-917713E654BA}.Debug|Any CPU.Build.0 = Debug|Any CPU
		{1C209EAB-CF10-4E6E-9145-917713E654BA}.Release|Any CPU.ActiveCfg = Release|Any CPU
		{1C209EAB-CF10-4E6E-9145-917713E654BA}.Release|Any CPU.Build.0 = Release|Any CPU
		{BD1B41EA-8E47-4DF8-941B-E7F79AE3107A}.Debug|Any CPU.ActiveCfg = Debug|Any CPU
		{BD1B41EA-8E47-4DF8-941B-E7F79AE3107A}.Debug|Any CPU.Build.0 = Debug|Any CPU
		{BD1B41EA-8E47-4DF8-941B-E7F79AE3107A}.Release|Any CPU.ActiveCfg = Release|Any CPU
		{BD1B41EA-8E47-4DF8-941B-E7F79AE3107A}.Release|Any CPU.Build.0 = Release|Any CPU
		{4342B117-3D7B-4776-917D-FEFB2C9220E4}.Debug|Any CPU.ActiveCfg = Debug|Any CPU
		{4342B117-3D7B-4776-917D-FEFB2C9220E4}.Debug|Any CPU.Build.0 = Debug|Any CPU
		{4342B117-3D7B-4776-917D-FEFB2C9220E4}.Release|Any CPU.ActiveCfg = Release|Any CPU
		{4342B117-3D7B-4776-917D-FEFB2C9220E4}.Release|Any CPU.Build.0 = Release|Any CPU
	EndGlobalSection
	GlobalSection(SolutionProperties) = preSolution
		HideSolutionNode = FALSE
	EndGlobalSection
	GlobalSection(ExtensibilityGlobals) = postSolution
		SolutionGuid = {8692E0A7-C2A5-45EF-93F8-87CEB0748139}
	EndGlobalSection
EndGlobal
